
Microsoft Visual Studio Solution File, Format Version 12.00
# Visual Studio 15
VisualStudioVersion = 15.0.26730.12
MinimumVisualStudioVersion = 10.0.40219.1
Project("{FAE04EC0-301F-11D3-BF4B-00C04F79EFBC}") = "Driftservice-Registration", "Driftservice-Registration\Driftservice-Registration.csproj", "{6EEC9650-5D2B-4F53-BD94-5829FD9BC1E5}"
EndProject
Global
	GlobalSection(SolutionConfigurationPlatforms) = preSolution
		Debug|Any CPU = Debug|Any CPU
		Release|Any CPU = Release|Any CPU
	EndGlobalSection
	GlobalSection(ProjectConfigurationPlatforms) = postSolution
		{6EEC9650-5D2B-4F53-BD94-5829FD9BC1E5}.Debug|Any CPU.ActiveCfg = Debug|Any CPU
		{6EEC9650-5D2B-4F53-BD94-5829FD9BC1E5}.Debug|Any CPU.Build.0 = Debug|Any CPU
		{6EEC9650-5D2B-4F53-BD94-5829FD9BC1E5}.Release|Any CPU.ActiveCfg = Release|Any CPU
		{6EEC9650-5D2B-4F53-BD94-5829FD9BC1E5}.Release|Any CPU.Build.0 = Release|Any CPU
	EndGlobalSection
	GlobalSection(SolutionProperties) = preSolution
		HideSolutionNode = FALSE
	EndGlobalSection
	GlobalSection(ExtensibilityGlobals) = postSolution
		SolutionGuid = {A6B0E5AA-2EEF-4CC2-B1B8-65FEC8CC5B5E}
	EndGlobalSection
EndGlobal
